// !$*UTF8*$!
{
	archiveVersion = 1;
	classes = {
	};
	objectVersion = 56;
	objects = {

/* Begin PBXBuildFile section */
		409348C12BBF5E80000101AF /* AppDelegate.swift in Sources */ = {isa = PBXBuildFile; fileRef = 409348C02BBF5E80000101AF /* AppDelegate.swift */; };
		409348C32BBF5E80000101AF /* SceneDelegate.swift in Sources */ = {isa = PBXBuildFile; fileRef = 409348C22BBF5E80000101AF /* SceneDelegate.swift */; };
		409348C52BBF5E80000101AF /* RestaurauntController.swift in Sources */ = {isa = PBXBuildFile; fileRef = 409348C42BBF5E80000101AF /* RestaurauntController.swift */; };
		409348C82BBF5E80000101AF /* Main.storyboard in Resources */ = {isa = PBXBuildFile; fileRef = 409348C62BBF5E80000101AF /* Main.storyboard */; };
		409348CA2BBF5E81000101AF /* Assets.xcassets in Resources */ = {isa = PBXBuildFile; fileRef = 409348C92BBF5E81000101AF /* Assets.xcassets */; };
		409348CD2BBF5E81000101AF /* LaunchScreen.storyboard in Resources */ = {isa = PBXBuildFile; fileRef = 409348CB2BBF5E81000101AF /* LaunchScreen.storyboard */; };
		409C1BE52BBF5F6200BD4C73 /* MapViewController.swift in Sources */ = {isa = PBXBuildFile; fileRef = 409C1BE42BBF5F6200BD4C73 /* MapViewController.swift */; };
		409C1BE82BBF5F9400BD4C73 /* RestaurantCell.swift in Sources */ = {isa = PBXBuildFile; fileRef = 409C1BE62BBF5F9400BD4C73 /* RestaurantCell.swift */; };
		409C1BE92BBF5F9400BD4C73 /* RestaurantCell.xib in Resources */ = {isa = PBXBuildFile; fileRef = 409C1BE72BBF5F9400BD4C73 /* RestaurantCell.xib */; };
		409C1BEB2BBF5FD700BD4C73 /* RestaurauntViewModel.swift in Sources */ = {isa = PBXBuildFile; fileRef = 409C1BEA2BBF5FD700BD4C73 /* RestaurauntViewModel.swift */; };
		409C1BED2BBF602F00BD4C73 /* Extensions.swift in Sources */ = {isa = PBXBuildFile; fileRef = 409C1BEC2BBF602F00BD4C73 /* Extensions.swift */; };
		409C1BEF2BBF606500BD4C73 /* RealmHelper.swift in Sources */ = {isa = PBXBuildFile; fileRef = 409C1BEE2BBF606500BD4C73 /* RealmHelper.swift */; };
		409C1BF12BBF60A500BD4C73 /* UserDefaultsHelper.swift in Sources */ = {isa = PBXBuildFile; fileRef = 409C1BF02BBF60A500BD4C73 /* UserDefaultsHelper.swift */; };
		409C1BF32BBF635300BD4C73 /* MapViewModel.swift in Sources */ = {isa = PBXBuildFile; fileRef = 409C1BF22BBF635300BD4C73 /* MapViewModel.swift */; };
		409C1BF52BBF63C500BD4C73 /* WebViewController.swift in Sources */ = {isa = PBXBuildFile; fileRef = 409C1BF42BBF63C500BD4C73 /* WebViewController.swift */; };
		A4D4A9622BBF6984007132B7 /* Realm in Frameworks */ = {isa = PBXBuildFile; productRef = A4D4A9612BBF6984007132B7 /* Realm */; };
		A4D4A9642BBF6984007132B7 /* RealmSwift in Frameworks */ = {isa = PBXBuildFile; productRef = A4D4A9632BBF6984007132B7 /* RealmSwift */; };
		A4D4A9662BC2A9E7007132B7 /* CafeModel.swift in Sources */ = {isa = PBXBuildFile; fileRef = A4D4A9652BC2A9E7007132B7 /* CafeModel.swift */; };
/* End PBXBuildFile section */

/* Begin PBXFileReference section */
		409348BD2BBF5E80000101AF /* ProdataTask.app */ = {isa = PBXFileReference; explicitFileType = wrapper.application; includeInIndex = 0; path = ProdataTask.app; sourceTree = BUILT_PRODUCTS_DIR; };
		409348C02BBF5E80000101AF /* AppDelegate.swift */ = {isa = PBXFileReference; lastKnownFileType = sourcecode.swift; path = AppDelegate.swift; sourceTree = "<group>"; };
		409348C22BBF5E80000101AF /* SceneDelegate.swift */ = {isa = PBXFileReference; lastKnownFileType = sourcecode.swift; path = SceneDelegate.swift; sourceTree = "<group>"; };
		409348C42BBF5E80000101AF /* RestaurauntController.swift */ = {isa = PBXFileReference; lastKnownFileType = sourcecode.swift; path = RestaurauntController.swift; sourceTree = "<group>"; };
		409348C72BBF5E80000101AF /* Base */ = {isa = PBXFileReference; lastKnownFileType = file.storyboard; name = Base; path = Base.lproj/Main.storyboard; sourceTree = "<group>"; };
		409348C92BBF5E81000101AF /* Assets.xcassets */ = {isa = PBXFileReference; lastKnownFileType = folder.assetcatalog; path = Assets.xcassets; sourceTree = "<group>"; };
		409348CC2BBF5E81000101AF /* Base */ = {isa = PBXFileReference; lastKnownFileType = file.storyboard; name = Base; path = Base.lproj/LaunchScreen.storyboard; sourceTree = "<group>"; };
		409348CE2BBF5E81000101AF /* Info.plist */ = {isa = PBXFileReference; lastKnownFileType = text.plist.xml; path = Info.plist; sourceTree = "<group>"; };
		409C1BE42BBF5F6200BD4C73 /* MapViewController.swift */ = {isa = PBXFileReference; lastKnownFileType = sourcecode.swift; path = MapViewController.swift; sourceTree = "<group>"; };
		409C1BE62BBF5F9400BD4C73 /* RestaurantCell.swift */ = {isa = PBXFileReference; lastKnownFileType = sourcecode.swift; path = RestaurantCell.swift; sourceTree = "<group>"; };
		409C1BE72BBF5F9400BD4C73 /* RestaurantCell.xib */ = {isa = PBXFileReference; lastKnownFileType = file.xib; path = RestaurantCell.xib; sourceTree = "<group>"; };
		409C1BEA2BBF5FD700BD4C73 /* RestaurauntViewModel.swift */ = {isa = PBXFileReference; lastKnownFileType = sourcecode.swift; path = RestaurauntViewModel.swift; sourceTree = "<group>"; };
		409C1BEC2BBF602F00BD4C73 /* Extensions.swift */ = {isa = PBXFileReference; fileEncoding = 4; lastKnownFileType = sourcecode.swift; path = Extensions.swift; sourceTree = "<group>"; };
		409C1BEE2BBF606500BD4C73 /* RealmHelper.swift */ = {isa = PBXFileReference; lastKnownFileType = sourcecode.swift; path = RealmHelper.swift; sourceTree = "<group>"; };
		409C1BF02BBF60A500BD4C73 /* UserDefaultsHelper.swift */ = {isa = PBXFileReference; lastKnownFileType = sourcecode.swift; path = UserDefaultsHelper.swift; sourceTree = "<group>"; };
		409C1BF22BBF635300BD4C73 /* MapViewModel.swift */ = {isa = PBXFileReference; lastKnownFileType = sourcecode.swift; path = MapViewModel.swift; sourceTree = "<group>"; };
		409C1BF42BBF63C500BD4C73 /* WebViewController.swift */ = {isa = PBXFileReference; lastKnownFileType = sourcecode.swift; path = WebViewController.swift; sourceTree = "<group>"; };
		A4D4A9652BC2A9E7007132B7 /* CafeModel.swift */ = {isa = PBXFileReference; lastKnownFileType = sourcecode.swift; path = CafeModel.swift; sourceTree = "<group>"; };
/* End PBXFileReference section */

/* Begin PBXFrameworksBuildPhase section */
		409348BA2BBF5E80000101AF /* Frameworks */ = {
			isa = PBXFrameworksBuildPhase;
			buildActionMask = 2147483647;
			files = (
				A4D4A9642BBF6984007132B7 /* RealmSwift in Frameworks */,
				A4D4A9622BBF6984007132B7 /* Realm in Frameworks */,
			);
			runOnlyForDeploymentPostprocessing = 0;
		};
/* End PBXFrameworksBuildPhase section */

/* Begin PBXGroup section */
		409348B42BBF5E80000101AF = {
			isa = PBXGroup;
			children = (
				409348BF2BBF5E80000101AF /* ProdataTask */,
				409348BE2BBF5E80000101AF /* Products */,
			);
			sourceTree = "<group>";
		};
		409348BE2BBF5E80000101AF /* Products */ = {
			isa = PBXGroup;
			children = (
				409348BD2BBF5E80000101AF /* ProdataTask.app */,
			);
			name = Products;
			sourceTree = "<group>";
		};
		409348BF2BBF5E80000101AF /* ProdataTask */ = {
			isa = PBXGroup;
			children = (
				409348C02BBF5E80000101AF /* AppDelegate.swift */,
				409348C22BBF5E80000101AF /* SceneDelegate.swift */,
				409C1BFA2BBF643500BD4C73 /* BusinessLayer */,
				409C1BF92BBF643100BD4C73 /* Helpers */,
				409348C92BBF5E81000101AF /* Assets.xcassets */,
				409348CB2BBF5E81000101AF /* LaunchScreen.storyboard */,
				409348CE2BBF5E81000101AF /* Info.plist */,
			);
			path = ProdataTask;
			sourceTree = "<group>";
		};
		409C1BF62BBF640200BD4C73 /* ViewModules */ = {
			isa = PBXGroup;
			children = (
				409C1BFD2BBF646E00BD4C73 /* Restauraunt */,
				409C1BFE2BBF647C00BD4C73 /* Map */,
				409C1BF42BBF63C500BD4C73 /* WebViewController.swift */,
			);
			path = ViewModules;
			sourceTree = "<group>";
		};
		409C1BF72BBF641500BD4C73 /* Views */ = {
			isa = PBXGroup;
			children = (
				409C1BFF2BBF649700BD4C73 /* Storyboards */,
				409C1BFC2BBF645C00BD4C73 /* View */,
				409C1BFB2BBF645400BD4C73 /* Cell */,
			);
			path = Views;
			sourceTree = "<group>";
		};
		409C1BF82BBF642800BD4C73 /* Model */ = {
			isa = PBXGroup;
			children = (
				A4D4A9652BC2A9E7007132B7 /* CafeModel.swift */,
			);
			path = Model;
			sourceTree = "<group>";
		};
		409C1BF92BBF643100BD4C73 /* Helpers */ = {
			isa = PBXGroup;
			children = (
				409C1BEC2BBF602F00BD4C73 /* Extensions.swift */,
				409C1BEE2BBF606500BD4C73 /* RealmHelper.swift */,
				409C1BF02BBF60A500BD4C73 /* UserDefaultsHelper.swift */,
			);
			path = Helpers;
			sourceTree = "<group>";
		};
		409C1BFA2BBF643500BD4C73 /* BusinessLayer */ = {
			isa = PBXGroup;
			children = (
				409C1BF82BBF642800BD4C73 /* Model */,
				409C1BF72BBF641500BD4C73 /* Views */,
				409C1BF62BBF640200BD4C73 /* ViewModules */,
			);
			path = BusinessLayer;
			sourceTree = "<group>";
		};
		409C1BFB2BBF645400BD4C73 /* Cell */ = {
			isa = PBXGroup;
			children = (
				409C1BE62BBF5F9400BD4C73 /* RestaurantCell.swift */,
				409C1BE72BBF5F9400BD4C73 /* RestaurantCell.xib */,
			);
			path = Cell;
			sourceTree = "<group>";
		};
		409C1BFC2BBF645C00BD4C73 /* View */ = {
			isa = PBXGroup;
			children = (
			);
			path = View;
			sourceTree = "<group>";
		};
		409C1BFD2BBF646E00BD4C73 /* Restauraunt */ = {
			isa = PBXGroup;
			children = (
				409348C42BBF5E80000101AF /* RestaurauntController.swift */,
				409C1BEA2BBF5FD700BD4C73 /* RestaurauntViewModel.swift */,
			);
			path = Restauraunt;
			sourceTree = "<group>";
		};
		409C1BFE2BBF647C00BD4C73 /* Map */ = {
			isa = PBXGroup;
			children = (
				409C1BE42BBF5F6200BD4C73 /* MapViewController.swift */,
				409C1BF22BBF635300BD4C73 /* MapViewModel.swift */,
			);
			path = Map;
			sourceTree = "<group>";
		};
		409C1BFF2BBF649700BD4C73 /* Storyboards */ = {
			isa = PBXGroup;
			children = (
				409348C62BBF5E80000101AF /* Main.storyboard */,
			);
			path = Storyboards;
			sourceTree = "<group>";
		};
/* End PBXGroup section */

/* Begin PBXNativeTarget section */
		409348BC2BBF5E80000101AF /* ProdataTask */ = {
			isa = PBXNativeTarget;
			buildConfigurationList = 409348D12BBF5E81000101AF /* Build configuration list for PBXNativeTarget "ProdataTask" */;
			buildPhases = (
				409348B92BBF5E80000101AF /* Sources */,
				409348BA2BBF5E80000101AF /* Frameworks */,
				409348BB2BBF5E80000101AF /* Resources */,
			);
			buildRules = (
			);
			dependencies = (
			);
			name = ProdataTask;
			packageProductDependencies = (
				A4D4A9612BBF6984007132B7 /* Realm */,
				A4D4A9632BBF6984007132B7 /* RealmSwift */,
			);
			productName = ProdataTask;
			productReference = 409348BD2BBF5E80000101AF /* ProdataTask.app */;
			productType = "com.apple.product-type.application";
		};
/* End PBXNativeTarget section */

/* Begin PBXProject section */
		409348B52BBF5E80000101AF /* Project object */ = {
			isa = PBXProject;
			attributes = {
				BuildIndependentTargetsInParallel = 1;
				LastSwiftUpdateCheck = 1430;
				LastUpgradeCheck = 1430;
				TargetAttributes = {
					409348BC2BBF5E80000101AF = {
						CreatedOnToolsVersion = 14.3.1;
					};
				};
			};
			buildConfigurationList = 409348B82BBF5E80000101AF /* Build configuration list for PBXProject "ProdataTask" */;
			compatibilityVersion = "Xcode 14.0";
			developmentRegion = en;
			hasScannedForEncodings = 0;
			knownRegions = (
				en,
				Base,
			);
			mainGroup = 409348B42BBF5E80000101AF;
			packageReferences = (
				A4D4A9602BBF6984007132B7 /* XCRemoteSwiftPackageReference "realm-swift" */,
			);
			productRefGroup = 409348BE2BBF5E80000101AF /* Products */;
			projectDirPath = "";
			projectRoot = "";
			targets = (
				409348BC2BBF5E80000101AF /* ProdataTask */,
			);
		};
/* End PBXProject section */

/* Begin PBXResourcesBuildPhase section */
		409348BB2BBF5E80000101AF /* Resources */ = {
			isa = PBXResourcesBuildPhase;
			buildActionMask = 2147483647;
			files = (
				409C1BE92BBF5F9400BD4C73 /* RestaurantCell.xib in Resources */,
				409348CD2BBF5E81000101AF /* LaunchScreen.storyboard in Resources */,
				409348CA2BBF5E81000101AF /* Assets.xcassets in Resources */,
				409348C82BBF5E80000101AF /* Main.storyboard in Resources */,
			);
			runOnlyForDeploymentPostprocessing = 0;
		};
/* End PBXResourcesBuildPhase section */

/* Begin PBXSourcesBuildPhase section */
		409348B92BBF5E80000101AF /* Sources */ = {
			isa = PBXSourcesBuildPhase;
			buildActionMask = 2147483647;
			files = (
				409C1BF12BBF60A500BD4C73 /* UserDefaultsHelper.swift in Sources */,
				409C1BF52BBF63C500BD4C73 /* WebViewController.swift in Sources */,
				409C1BF32BBF635300BD4C73 /* MapViewModel.swift in Sources */,
				409C1BE82BBF5F9400BD4C73 /* RestaurantCell.swift in Sources */,
				409348C52BBF5E80000101AF /* RestaurauntController.swift in Sources */,
				409348C12BBF5E80000101AF /* AppDelegate.swift in Sources */,
				409348C32BBF5E80000101AF /* SceneDelegate.swift in Sources */,
				409C1BE52BBF5F6200BD4C73 /* MapViewController.swift in Sources */,
				409C1BEF2BBF606500BD4C73 /* RealmHelper.swift in Sources */,
				409C1BEB2BBF5FD700BD4C73 /* RestaurauntViewModel.swift in Sources */,
				A4D4A9662BC2A9E7007132B7 /* CafeModel.swift in Sources */,
				409C1BED2BBF602F00BD4C73 /* Extensions.swift in Sources */,
			);
			runOnlyForDeploymentPostprocessing = 0;
		};
/* End PBXSourcesBuildPhase section */

/* Begin PBXVariantGroup section */
		409348C62BBF5E80000101AF /* Main.storyboard */ = {
			isa = PBXVariantGroup;
			children = (
				409348C72BBF5E80000101AF /* Base */,
			);
			name = Main.storyboard;
			sourceTree = "<group>";
		};
		409348CB2BBF5E81000101AF /* LaunchScreen.storyboard */ = {
			isa = PBXVariantGroup;
			children = (
				409348CC2BBF5E81000101AF /* Base */,
			);
			name = LaunchScreen.storyboard;
			sourceTree = "<group>";
		};
/* End PBXVariantGroup section */

/* Begin XCBuildConfiguration section */
		409348CF2BBF5E81000101AF /* Debug */ = {
			isa = XCBuildConfiguration;
			buildSettings = {
				ALWAYS_SEARCH_USER_PATHS = NO;
				CLANG_ANALYZER_NONNULL = YES;
				CLANG_ANALYZER_NUMBER_OBJECT_CONVERSION = YES_AGGRESSIVE;
				CLANG_CXX_LANGUAGE_STANDARD = "gnu++20";
				CLANG_ENABLE_MODULES = YES;
				CLANG_ENABLE_OBJC_ARC = YES;
				CLANG_ENABLE_OBJC_WEAK = YES;
				CLANG_WARN_BLOCK_CAPTURE_AUTORELEASING = YES;
				CLANG_WARN_BOOL_CONVERSION = YES;
				CLANG_WARN_COMMA = YES;
				CLANG_WARN_CONSTANT_CONVERSION = YES;
				CLANG_WARN_DEPRECATED_OBJC_IMPLEMENTATIONS = YES;
				CLANG_WARN_DIRECT_OBJC_ISA_USAGE = YES_ERROR;
				CLANG_WARN_DOCUMENTATION_COMMENTS = YES;
				CLANG_WARN_EMPTY_BODY = YES;
				CLANG_WARN_ENUM_CONVERSION = YES;
				CLANG_WARN_INFINITE_RECURSION = YES;
				CLANG_WARN_INT_CONVERSION = YES;
				CLANG_WARN_NON_LITERAL_NULL_CONVERSION = YES;
				CLANG_WARN_OBJC_IMPLICIT_RETAIN_SELF = YES;
				CLANG_WARN_OBJC_LITERAL_CONVERSION = YES;
				CLANG_WARN_OBJC_ROOT_CLASS = YES_ERROR;
				CLANG_WARN_QUOTED_INCLUDE_IN_FRAMEWORK_HEADER = YES;
				CLANG_WARN_RANGE_LOOP_ANALYSIS = YES;
				CLANG_WARN_STRICT_PROTOTYPES = YES;
				CLANG_WARN_SUSPICIOUS_MOVE = YES;
				CLANG_WARN_UNGUARDED_AVAILABILITY = YES_AGGRESSIVE;
				CLANG_WARN_UNREACHABLE_CODE = YES;
				CLANG_WARN__DUPLICATE_METHOD_MATCH = YES;
				COPY_PHASE_STRIP = NO;
				DEBUG_INFORMATION_FORMAT = dwarf;
				ENABLE_STRICT_OBJC_MSGSEND = YES;
				ENABLE_TESTABILITY = YES;
				GCC_C_LANGUAGE_STANDARD = gnu11;
				GCC_DYNAMIC_NO_PIC = NO;
				GCC_NO_COMMON_BLOCKS = YES;
				GCC_OPTIMIZATION_LEVEL = 0;
				GCC_PREPROCESSOR_DEFINITIONS = (
					"DEBUG=1",
					"$(inherited)",
				);
				GCC_WARN_64_TO_32_BIT_CONVERSION = YES;
				GCC_WARN_ABOUT_RETURN_TYPE = YES_ERROR;
				GCC_WARN_UNDECLARED_SELECTOR = YES;
				GCC_WARN_UNINITIALIZED_AUTOS = YES_AGGRESSIVE;
				GCC_WARN_UNUSED_FUNCTION = YES;
				GCC_WARN_UNUSED_VARIABLE = YES;
				IPHONEOS_DEPLOYMENT_TARGET = 16.4;
				MTL_ENABLE_DEBUG_INFO = INCLUDE_SOURCE;
				MTL_FAST_MATH = YES;
				ONLY_ACTIVE_ARCH = YES;
				SDKROOT = iphoneos;
				SWIFT_ACTIVE_COMPILATION_CONDITIONS = DEBUG;
				SWIFT_OPTIMIZATION_LEVEL = "-Onone";
			};
			name = Debug;
		};
		409348D02BBF5E81000101AF /* Release */ = {
			isa = XCBuildConfiguration;
			buildSettings = {
				ALWAYS_SEARCH_USER_PATHS = NO;
				CLANG_ANALYZER_NONNULL = YES;
				CLANG_ANALYZER_NUMBER_OBJECT_CONVERSION = YES_AGGRESSIVE;
				CLANG_CXX_LANGUAGE_STANDARD = "gnu++20";
				CLANG_ENABLE_MODULES = YES;
				CLANG_ENABLE_OBJC_ARC = YES;
				CLANG_ENABLE_OBJC_WEAK = YES;
				CLANG_WARN_BLOCK_CAPTURE_AUTORELEASING = YES;
				CLANG_WARN_BOOL_CONVERSION = YES;
				CLANG_WARN_COMMA = YES;
				CLANG_WARN_CONSTANT_CONVERSION = YES;
				CLANG_WARN_DEPRECATED_OBJC_IMPLEMENTATIONS = YES;
				CLANG_WARN_DIRECT_OBJC_ISA_USAGE = YES_ERROR;
				CLANG_WARN_DOCUMENTATION_COMMENTS = YES;
				CLANG_WARN_EMPTY_BODY = YES;
				CLANG_WARN_ENUM_CONVERSION = YES;
				CLANG_WARN_INFINITE_RECURSION = YES;
				CLANG_WARN_INT_CONVERSION = YES;
				CLANG_WARN_NON_LITERAL_NULL_CONVERSION = YES;
				CLANG_WARN_OBJC_IMPLICIT_RETAIN_SELF = YES;
				CLANG_WARN_OBJC_LITERAL_CONVERSION = YES;
				CLANG_WARN_OBJC_ROOT_CLASS = YES_ERROR;
				CLANG_WARN_QUOTED_INCLUDE_IN_FRAMEWORK_HEADER = YES;
				CLANG_WARN_RANGE_LOOP_ANALYSIS = YES;
				CLANG_WARN_STRICT_PROTOTYPES = YES;
				CLANG_WARN_SUSPICIOUS_MOVE = YES;
				CLANG_WARN_UNGUARDED_AVAILABILITY = YES_AGGRESSIVE;
				CLANG_WARN_UNREACHABLE_CODE = YES;
				CLANG_WARN__DUPLICATE_METHOD_MATCH = YES;
				COPY_PHASE_STRIP = NO;
				DEBUG_INFORMATION_FORMAT = "dwarf-with-dsym";
				ENABLE_NS_ASSERTIONS = NO;
				ENABLE_STRICT_OBJC_MSGSEND = YES;
				GCC_C_LANGUAGE_STANDARD = gnu11;
				GCC_NO_COMMON_BLOCKS = YES;
				GCC_WARN_64_TO_32_BIT_CONVERSION = YES;
				GCC_WARN_ABOUT_RETURN_TYPE = YES_ERROR;
				GCC_WARN_UNDECLARED_SELECTOR = YES;
				GCC_WARN_UNINITIALIZED_AUTOS = YES_AGGRESSIVE;
				GCC_WARN_UNUSED_FUNCTION = YES;
				GCC_WARN_UNUSED_VARIABLE = YES;
				IPHONEOS_DEPLOYMENT_TARGET = 16.4;
				MTL_ENABLE_DEBUG_INFO = NO;
				MTL_FAST_MATH = YES;
				SDKROOT = iphoneos;
				SWIFT_COMPILATION_MODE = wholemodule;
				SWIFT_OPTIMIZATION_LEVEL = "-O";
				VALIDATE_PRODUCT = YES;
			};
			name = Release;
		};
		409348D22BBF5E81000101AF /* Debug */ = {
			isa = XCBuildConfiguration;
			buildSettings = {
				ASSETCATALOG_COMPILER_APPICON_NAME = AppIcon;
				ASSETCATALOG_COMPILER_GLOBAL_ACCENT_COLOR_NAME = AccentColor;
				CODE_SIGN_STYLE = Automatic;
				CURRENT_PROJECT_VERSION = 1;
				DEVELOPMENT_TEAM = DZ72YP2SQU;
				GENERATE_INFOPLIST_FILE = YES;
				INFOPLIST_FILE = ProdataTask/Info.plist;
				INFOPLIST_KEY_UIApplicationSupportsIndirectInputEvents = YES;
				INFOPLIST_KEY_UILaunchStoryboardName = LaunchScreen;
				INFOPLIST_KEY_UIMainStoryboardFile = Main;
				INFOPLIST_KEY_UISupportedInterfaceOrientations_iPad = "UIInterfaceOrientationPortrait UIInterfaceOrientationPortraitUpsideDown UIInterfaceOrientationLandscapeLeft UIInterfaceOrientationLandscapeRight";
				INFOPLIST_KEY_UISupportedInterfaceOrientations_iPhone = "UIInterfaceOrientationPortrait UIInterfaceOrientationLandscapeLeft UIInterfaceOrientationLandscapeRight";
				LD_RUNPATH_SEARCH_PATHS = (
					"$(inherited)",
					"@executable_path/Frameworks",
				);
				MARKETING_VERSION = 1.0;
				PRODUCT_BUNDLE_IDENTIFIER = com.atl.ProdataTask;
				PRODUCT_NAME = "$(TARGET_NAME)";
				SWIFT_EMIT_LOC_STRINGS = YES;
				SWIFT_VERSION = 5.0;
				TARGETED_DEVICE_FAMILY = "1,2";
			};
			name = Debug;
		};
		409348D32BBF5E81000101AF /* Release */ = {
			isa = XCBuildConfiguration;
			buildSettings = {
				ASSETCATALOG_COMPILER_APPICON_NAME = AppIcon;
				ASSETCATALOG_COMPILER_GLOBAL_ACCENT_COLOR_NAME = AccentColor;
				CODE_SIGN_STYLE = Automatic;
				CURRENT_PROJECT_VERSION = 1;
				DEVELOPMENT_TEAM = DZ72YP2SQU;
				GENERATE_INFOPLIST_FILE = YES;
				INFOPLIST_FILE = ProdataTask/Info.plist;
				INFOPLIST_KEY_UIApplicationSupportsIndirectInputEvents = YES;
				INFOPLIST_KEY_UILaunchStoryboardName = LaunchScreen;
				INFOPLIST_KEY_UIMainStoryboardFile = Main;
				INFOPLIST_KEY_UISupportedInterfaceOrientations_iPad = "UIInterfaceOrientationPortrait UIInterfaceOrientationPortraitUpsideDown UIInterfaceOrientationLandscapeLeft UIInterfaceOrientationLandscapeRight";
				INFOPLIST_KEY_UISupportedInterfaceOrientations_iPhone = "UIInterfaceOrientationPortrait UIInterfaceOrientationLandscapeLeft UIInterfaceOrientationLandscapeRight";
				LD_RUNPATH_SEARCH_PATHS = (
					"$(inherited)",
					"@executable_path/Frameworks",
				);
				MARKETING_VERSION = 1.0;
				PRODUCT_BUNDLE_IDENTIFIER = com.atl.ProdataTask;
				PRODUCT_NAME = "$(TARGET_NAME)";
				SWIFT_EMIT_LOC_STRINGS = YES;
				SWIFT_VERSION = 5.0;
				TARGETED_DEVICE_FAMILY = "1,2";
			};
			name = Release;
		};
/* End XCBuildConfiguration section */

/* Begin XCConfigurationList section */
		409348B82BBF5E80000101AF /* Build configuration list for PBXProject "ProdataTask" */ = {
			isa = XCConfigurationList;
			buildConfigurations = (
				409348CF2BBF5E81000101AF /* Debug */,
				409348D02BBF5E81000101AF /* Release */,
			);
			defaultConfigurationIsVisible = 0;
			defaultConfigurationName = Release;
		};
		409348D12BBF5E81000101AF /* Build configuration list for PBXNativeTarget "ProdataTask" */ = {
			isa = XCConfigurationList;
			buildConfigurations = (
				409348D22BBF5E81000101AF /* Debug */,
				409348D32BBF5E81000101AF /* Release */,
			);
			defaultConfigurationIsVisible = 0;
			defaultConfigurationName = Release;
		};
/* End XCConfigurationList section */

/* Begin XCRemoteSwiftPackageReference section */
		A4D4A9602BBF6984007132B7 /* XCRemoteSwiftPackageReference "realm-swift" */ = {
			isa = XCRemoteSwiftPackageReference;
			repositoryURL = "https://github.com/realm/realm-swift";
			requirement = {
				branch = master;
				kind = branch;
			};
		};
/* End XCRemoteSwiftPackageReference section */

/* Begin XCSwiftPackageProductDependency section */
		A4D4A9612BBF6984007132B7 /* Realm */ = {
			isa = XCSwiftPackageProductDependency;
			package = A4D4A9602BBF6984007132B7 /* XCRemoteSwiftPackageReference "realm-swift" */;
			productName = Realm;
		};
		A4D4A9632BBF6984007132B7 /* RealmSwift */ = {
			isa = XCSwiftPackageProductDependency;
			package = A4D4A9602BBF6984007132B7 /* XCRemoteSwiftPackageReference "realm-swift" */;
			productName = RealmSwift;
		};
/* End XCSwiftPackageProductDependency section */
	};
	rootObject = 409348B52BBF5E80000101AF /* Project object */;
}
